// !$*UTF8*$!
{
	archiveVersion = 1;
	classes = {
	};
	objectVersion = 46;
	objects = {

/* Begin PBXBuildFile section */
		6CB18C33148D62F10022DAF2 /* apply.cpp in Sources */ = {isa = PBXBuildFile; fileRef = 6CB18C11148D62F10022DAF2 /* apply.cpp */; };
		6CB18C34148D62F10022DAF2 /* assertions.cpp in Sources */ = {isa = PBXBuildFile; fileRef = 6CB18C12148D62F10022DAF2 /* assertions.cpp */; };
		6CB18C35148D62F10022DAF2 /* backtrace.cpp in Sources */ = {isa = PBXBuildFile; fileRef = 6CB18C14148D62F10022DAF2 /* backtrace.cpp */; };
		6CB18C36148D62F10022DAF2 /* cons.cpp in Sources */ = {isa = PBXBuildFile; fileRef = 6CB18C16148D62F10022DAF2 /* cons.cpp */; };
		6CB18C37148D62F10022DAF2 /* eval.cpp in Sources */ = {isa = PBXBuildFile; fileRef = 6CB18C19148D62F10022DAF2 /* eval.cpp */; };
		6CB18C38148D62F10022DAF2 /* exceptions.cpp in Sources */ = {isa = PBXBuildFile; fileRef = 6CB18C1A148D62F10022DAF2 /* exceptions.cpp */; };
		6CB18C39148D62F10022DAF2 /* file_io.cpp in Sources */ = {isa = PBXBuildFile; fileRef = 6CB18C1B148D62F10022DAF2 /* file_io.cpp */; };
		6CB18C3A148D62F10022DAF2 /* heap.cpp in Sources */ = {isa = PBXBuildFile; fileRef = 6CB18C1D148D62F10022DAF2 /* heap.cpp */; };
		6CB18C3B148D62F10022DAF2 /* mickey.cpp in Sources */ = {isa = PBXBuildFile; fileRef = 6CB18C20148D62F10022DAF2 /* mickey.cpp */; };
		6CB18C3C148D62F10022DAF2 /* module_assert.cpp in Sources */ = {isa = PBXBuildFile; fileRef = 6CB18C21148D62F10022DAF2 /* module_assert.cpp */; };
		6CB18C3D148D62F10022DAF2 /* module_base.cpp in Sources */ = {isa = PBXBuildFile; fileRef = 6CB18C22148D62F10022DAF2 /* module_base.cpp */; };
		6CB18C3E148D62F10022DAF2 /* module_math.cpp in Sources */ = {isa = PBXBuildFile; fileRef = 6CB18C23148D62F10022DAF2 /* module_math.cpp */; };
		6CB18C3F148D62F10022DAF2 /* module.cpp in Sources */ = {isa = PBXBuildFile; fileRef = 6CB18C24148D62F10022DAF2 /* module.cpp */; };
		6CB18C40148D62F10022DAF2 /* options.cpp in Sources */ = {isa = PBXBuildFile; fileRef = 6CB18C25148D62F10022DAF2 /* options.cpp */; };
		6CB18C41148D62F10022DAF2 /* parser.cpp in Sources */ = {isa = PBXBuildFile; fileRef = 6CB18C26148D62F10022DAF2 /* parser.cpp */; };
		6CB18C42148D62F10022DAF2 /* primops.cpp in Sources */ = {isa = PBXBuildFile; fileRef = 6CB18C27148D62F10022DAF2 /* primops.cpp */; };
		6CB18C43148D62F10022DAF2 /* print.cpp in Sources */ = {isa = PBXBuildFile; fileRef = 6CB18C28148D62F10022DAF2 /* print.cpp */; };
		6CB18C44148D62F10022DAF2 /* repl.cpp in Sources */ = {isa = PBXBuildFile; fileRef = 6CB18C2A148D62F10022DAF2 /* repl.cpp */; };
		6CB18C45148D62F10022DAF2 /* test.cpp in Sources */ = {isa = PBXBuildFile; fileRef = 6CB18C2B148D62F10022DAF2 /* test.cpp */; };
		6CB18C46148D62F10022DAF2 /* tests.cpp in Sources */ = {isa = PBXBuildFile; fileRef = 6CB18C2D148D62F10022DAF2 /* tests.cpp */; };
		6CB18C47148D62F10022DAF2 /* tokenizer.cpp in Sources */ = {isa = PBXBuildFile; fileRef = 6CB18C30148D62F10022DAF2 /* tokenizer.cpp */; };
		6CB18C48148D62F10022DAF2 /* types.cpp in Sources */ = {isa = PBXBuildFile; fileRef = 6CB18C31148D62F10022DAF2 /* types.cpp */; };
		6CB18C49148D62F10022DAF2 /* util.cpp in Sources */ = {isa = PBXBuildFile; fileRef = 6CB18C32148D62F10022DAF2 /* util.cpp */; };
/* End PBXBuildFile section */

/* Begin PBXCopyFilesBuildPhase section */
		6CCA66ED148D60B500768B70 /* CopyFiles */ = {
			isa = PBXCopyFilesBuildPhase;
			buildActionMask = 2147483647;
			dstPath = /usr/share/man/man1/;
			dstSubfolderSpec = 0;
			files = (
			);
			runOnlyForDeploymentPostprocessing = 1;
		};
/* End PBXCopyFilesBuildPhase section */

/* Begin PBXFileReference section */
		6CB18C11148D62F10022DAF2 /* apply.cpp */ = {isa = PBXFileReference; fileEncoding = 4; lastKnownFileType = sourcecode.cpp.cpp; name = apply.cpp; path = ../apply.cpp; sourceTree = "<group>"; };
		6CB18C12148D62F10022DAF2 /* assertions.cpp */ = {isa = PBXFileReference; fileEncoding = 4; lastKnownFileType = sourcecode.cpp.cpp; name = assertions.cpp; path = ../assertions.cpp; sourceTree = "<group>"; };
		6CB18C13148D62F10022DAF2 /* AUTHOR */ = {isa = PBXFileReference; fileEncoding = 4; lastKnownFileType = text; name = AUTHOR; path = ../AUTHOR; sourceTree = "<group>"; };
		6CB18C14148D62F10022DAF2 /* backtrace.cpp */ = {isa = PBXFileReference; fileEncoding = 4; lastKnownFileType = sourcecode.cpp.cpp; name = backtrace.cpp; path = ../backtrace.cpp; sourceTree = "<group>"; };
		6CB18C15148D62F10022DAF2 /* BUGS */ = {isa = PBXFileReference; fileEncoding = 4; lastKnownFileType = text; name = BUGS; path = ../BUGS; sourceTree = "<group>"; };
		6CB18C16148D62F10022DAF2 /* cons.cpp */ = {isa = PBXFileReference; fileEncoding = 4; lastKnownFileType = sourcecode.cpp.cpp; name = cons.cpp; path = ../cons.cpp; sourceTree = "<group>"; };
		6CB18C17148D62F10022DAF2 /* COPYING */ = {isa = PBXFileReference; fileEncoding = 4; lastKnownFileType = text; name = COPYING; path = ../COPYING; sourceTree = "<group>"; };
		6CB18C18148D62F10022DAF2 /* dist */ = {isa = PBXFileReference; lastKnownFileType = folder; name = dist; path = ../dist; sourceTree = "<group>"; };
		6CB18C19148D62F10022DAF2 /* eval.cpp */ = {isa = PBXFileReference; fileEncoding = 4; lastKnownFileType = sourcecode.cpp.cpp; name = eval.cpp; path = ../eval.cpp; sourceTree = "<group>"; };
		6CB18C1A148D62F10022DAF2 /* exceptions.cpp */ = {isa = PBXFileReference; fileEncoding = 4; lastKnownFileType = sourcecode.cpp.cpp; name = exceptions.cpp; path = ../exceptions.cpp; sourceTree = "<group>"; };
		6CB18C1B148D62F10022DAF2 /* file_io.cpp */ = {isa = PBXFileReference; fileEncoding = 4; lastKnownFileType = sourcecode.cpp.cpp; name = file_io.cpp; path = ../file_io.cpp; sourceTree = "<group>"; };
		6CB18C1C148D62F10022DAF2 /* future */ = {isa = PBXFileReference; lastKnownFileType = folder; name = future; path = ../future; sourceTree = "<group>"; };
		6CB18C1D148D62F10022DAF2 /* heap.cpp */ = {isa = PBXFileReference; fileEncoding = 4; lastKnownFileType = sourcecode.cpp.cpp; name = heap.cpp; path = ../heap.cpp; sourceTree = "<group>"; };
		6CB18C1E148D62F10022DAF2 /* include */ = {isa = PBXFileReference; lastKnownFileType = folder; name = include; path = ../include; sourceTree = "<group>"; };
		6CB18C1F148D62F10022DAF2 /* INSTALL */ = {isa = PBXFileReference; fileEncoding = 4; lastKnownFileType = text; name = INSTALL; path = ../INSTALL; sourceTree = "<group>"; };
		6CB18C20148D62F10022DAF2 /* mickey.cpp */ = {isa = PBXFileReference; fileEncoding = 4; lastKnownFileType = sourcecode.cpp.cpp; name = mickey.cpp; path = ../mickey.cpp; sourceTree = "<group>"; };
		6CB18C21148D62F10022DAF2 /* module_assert.cpp */ = {isa = PBXFileReference; fileEncoding = 4; lastKnownFileType = sourcecode.cpp.cpp; name = module_assert.cpp; path = ../module_assert.cpp; sourceTree = "<group>"; };
		6CB18C22148D62F10022DAF2 /* module_base.cpp */ = {isa = PBXFileReference; fileEncoding = 4; lastKnownFileType = sourcecode.cpp.cpp; name = module_base.cpp; path = ../module_base.cpp; sourceTree = "<group>"; };
		6CB18C23148D62F10022DAF2 /* module_math.cpp */ = {isa = PBXFileReference; fileEncoding = 4; lastKnownFileType = sourcecode.cpp.cpp; name = module_math.cpp; path = ../module_math.cpp; sourceTree = "<group>"; };
		6CB18C24148D62F10022DAF2 /* module.cpp */ = {isa = PBXFileReference; fileEncoding = 4; lastKnownFileType = sourcecode.cpp.cpp; name = module.cpp; path = ../module.cpp; sourceTree = "<group>"; };
		6CB18C25148D62F10022DAF2 /* options.cpp */ = {isa = PBXFileReference; fileEncoding = 4; lastKnownFileType = sourcecode.cpp.cpp; name = options.cpp; path = ../options.cpp; sourceTree = "<group>"; };
		6CB18C26148D62F10022DAF2 /* parser.cpp */ = {isa = PBXFileReference; fileEncoding = 4; lastKnownFileType = sourcecode.cpp.cpp; name = parser.cpp; path = ../parser.cpp; sourceTree = "<group>"; };
		6CB18C27148D62F10022DAF2 /* primops.cpp */ = {isa = PBXFileReference; fileEncoding = 4; lastKnownFileType = sourcecode.cpp.cpp; name = primops.cpp; path = ../primops.cpp; sourceTree = "<group>"; };
		6CB18C28148D62F10022DAF2 /* print.cpp */ = {isa = PBXFileReference; fileEncoding = 4; lastKnownFileType = sourcecode.cpp.cpp; name = print.cpp; path = ../print.cpp; sourceTree = "<group>"; };
		6CB18C29148D62F10022DAF2 /* README */ = {isa = PBXFileReference; fileEncoding = 4; lastKnownFileType = text; name = README; path = ../README; sourceTree = "<group>"; };
		6CB18C2A148D62F10022DAF2 /* repl.cpp */ = {isa = PBXFileReference; fileEncoding = 4; lastKnownFileType = sourcecode.cpp.cpp; name = repl.cpp; path = ../repl.cpp; sourceTree = "<group>"; };
		6CB18C2B148D62F10022DAF2 /* test.cpp */ = {isa = PBXFileReference; fileEncoding = 4; lastKnownFileType = sourcecode.cpp.cpp; name = test.cpp; path = ../test.cpp; sourceTree = "<group>"; };
		6CB18C2C148D62F10022DAF2 /* tests */ = {isa = PBXFileReference; lastKnownFileType = folder; name = tests; path = ../tests; sourceTree = "<group>"; };
		6CB18C2D148D62F10022DAF2 /* tests.cpp */ = {isa = PBXFileReference; fileEncoding = 4; lastKnownFileType = sourcecode.cpp.cpp; name = tests.cpp; path = ../tests.cpp; sourceTree = "<group>"; };
		6CB18C2E148D62F10022DAF2 /* text */ = {isa = PBXFileReference; lastKnownFileType = folder; name = text; path = ../text; sourceTree = "<group>"; };
		6CB18C2F148D62F10022DAF2 /* TODO */ = {isa = PBXFileReference; fileEncoding = 4; lastKnownFileType = text; name = TODO; path = ../TODO; sourceTree = "<group>"; };
		6CB18C30148D62F10022DAF2 /* tokenizer.cpp */ = {isa = PBXFileReference; fileEncoding = 4; lastKnownFileType = sourcecode.cpp.cpp; name = tokenizer.cpp; path = ../tokenizer.cpp; sourceTree = "<group>"; };
		6CB18C31148D62F10022DAF2 /* types.cpp */ = {isa = PBXFileReference; fileEncoding = 4; lastKnownFileType = sourcecode.cpp.cpp; name = types.cpp; path = ../types.cpp; sourceTree = "<group>"; };
		6CB18C32148D62F10022DAF2 /* util.cpp */ = {isa = PBXFileReference; fileEncoding = 4; lastKnownFileType = sourcecode.cpp.cpp; name = util.cpp; path = ../util.cpp; sourceTree = "<group>"; };
		6CCA66EF148D60B500768B70 /* mickey */ = {isa = PBXFileReference; explicitFileType = "compiled.mach-o.executable"; includeInIndex = 0; path = mickey; sourceTree = BUILT_PRODUCTS_DIR; };
/* End PBXFileReference section */

/* Begin PBXFrameworksBuildPhase section */
		6CCA66EC148D60B500768B70 /* Frameworks */ = {
			isa = PBXFrameworksBuildPhase;
			buildActionMask = 2147483647;
			files = (
			);
			runOnlyForDeploymentPostprocessing = 0;
		};
/* End PBXFrameworksBuildPhase section */

/* Begin PBXGroup section */
		6CCA66E4148D60B500768B70 = {
			isa = PBXGroup;
			children = (
				6CB18C11148D62F10022DAF2 /* apply.cpp */,
				6CB18C12148D62F10022DAF2 /* assertions.cpp */,
				6CB18C13148D62F10022DAF2 /* AUTHOR */,
				6CB18C14148D62F10022DAF2 /* backtrace.cpp */,
				6CB18C15148D62F10022DAF2 /* BUGS */,
				6CB18C16148D62F10022DAF2 /* cons.cpp */,
				6CB18C17148D62F10022DAF2 /* COPYING */,
				6CB18C18148D62F10022DAF2 /* dist */,
				6CB18C19148D62F10022DAF2 /* eval.cpp */,
				6CB18C1A148D62F10022DAF2 /* exceptions.cpp */,
				6CB18C1B148D62F10022DAF2 /* file_io.cpp */,
				6CB18C1C148D62F10022DAF2 /* future */,
				6CB18C1D148D62F10022DAF2 /* heap.cpp */,
				6CB18C1E148D62F10022DAF2 /* include */,
				6CB18C1F148D62F10022DAF2 /* INSTALL */,
				6CB18C20148D62F10022DAF2 /* mickey.cpp */,
				6CB18C21148D62F10022DAF2 /* module_assert.cpp */,
				6CB18C22148D62F10022DAF2 /* module_base.cpp */,
				6CB18C23148D62F10022DAF2 /* module_math.cpp */,
				6CB18C24148D62F10022DAF2 /* module.cpp */,
				6CB18C25148D62F10022DAF2 /* options.cpp */,
				6CB18C26148D62F10022DAF2 /* parser.cpp */,
				6CB18C27148D62F10022DAF2 /* primops.cpp */,
				6CB18C28148D62F10022DAF2 /* print.cpp */,
				6CB18C29148D62F10022DAF2 /* README */,
				6CB18C2A148D62F10022DAF2 /* repl.cpp */,
				6CB18C2B148D62F10022DAF2 /* test.cpp */,
				6CB18C2C148D62F10022DAF2 /* tests */,
				6CB18C2D148D62F10022DAF2 /* tests.cpp */,
				6CB18C2E148D62F10022DAF2 /* text */,
				6CB18C2F148D62F10022DAF2 /* TODO */,
				6CB18C30148D62F10022DAF2 /* tokenizer.cpp */,
				6CB18C31148D62F10022DAF2 /* types.cpp */,
				6CB18C32148D62F10022DAF2 /* util.cpp */,
				6CCA66F0148D60B500768B70 /* Products */,
			);
			sourceTree = "<group>";
		};
		6CCA66F0148D60B500768B70 /* Products */ = {
			isa = PBXGroup;
			children = (
				6CCA66EF148D60B500768B70 /* mickey */,
			);
			name = Products;
			sourceTree = "<group>";
		};
/* End PBXGroup section */

/* Begin PBXNativeTarget section */
		6CCA66EE148D60B500768B70 /* mickey */ = {
			isa = PBXNativeTarget;
			buildConfigurationList = 6CCA66F9148D60B500768B70 /* Build configuration list for PBXNativeTarget "mickey" */;
			buildPhases = (
				6CCA66EB148D60B500768B70 /* Sources */,
				6CCA66EC148D60B500768B70 /* Frameworks */,
				6CCA66ED148D60B500768B70 /* CopyFiles */,
			);
			buildRules = (
			);
			dependencies = (
			);
			name = mickey;
			productName = mickey;
			productReference = 6CCA66EF148D60B500768B70 /* mickey */;
			productType = "com.apple.product-type.tool";
		};
/* End PBXNativeTarget section */

/* Begin PBXProject section */
		6CCA66E6148D60B500768B70 /* Project object */ = {
			isa = PBXProject;
			attributes = {
				LastUpgradeCheck = 0420;
				ORGANIZATIONNAME = "C.S. Larsen";
			};
			buildConfigurationList = 6CCA66E9148D60B500768B70 /* Build configuration list for PBXProject "mickey" */;
			compatibilityVersion = "Xcode 3.2";
			developmentRegion = English;
			hasScannedForEncodings = 0;
			knownRegions = (
				en,
			);
			mainGroup = 6CCA66E4148D60B500768B70;
			productRefGroup = 6CCA66F0148D60B500768B70 /* Products */;
			projectDirPath = "";
			projectRoot = "";
			targets = (
				6CCA66EE148D60B500768B70 /* mickey */,
			);
		};
/* End PBXProject section */

/* Begin PBXSourcesBuildPhase section */
		6CCA66EB148D60B500768B70 /* Sources */ = {
			isa = PBXSourcesBuildPhase;
			buildActionMask = 2147483647;
			files = (
				6CB18C33148D62F10022DAF2 /* apply.cpp in Sources */,
				6CB18C34148D62F10022DAF2 /* assertions.cpp in Sources */,
				6CB18C35148D62F10022DAF2 /* backtrace.cpp in Sources */,
				6CB18C36148D62F10022DAF2 /* cons.cpp in Sources */,
				6CB18C37148D62F10022DAF2 /* eval.cpp in Sources */,
				6CB18C38148D62F10022DAF2 /* exceptions.cpp in Sources */,
				6CB18C39148D62F10022DAF2 /* file_io.cpp in Sources */,
				6CB18C3A148D62F10022DAF2 /* heap.cpp in Sources */,
				6CB18C3B148D62F10022DAF2 /* mickey.cpp in Sources */,
				6CB18C3C148D62F10022DAF2 /* module_assert.cpp in Sources */,
				6CB18C3D148D62F10022DAF2 /* module_base.cpp in Sources */,
				6CB18C3E148D62F10022DAF2 /* module_math.cpp in Sources */,
				6CB18C3F148D62F10022DAF2 /* module.cpp in Sources */,
				6CB18C40148D62F10022DAF2 /* options.cpp in Sources */,
				6CB18C41148D62F10022DAF2 /* parser.cpp in Sources */,
				6CB18C42148D62F10022DAF2 /* primops.cpp in Sources */,
				6CB18C43148D62F10022DAF2 /* print.cpp in Sources */,
				6CB18C44148D62F10022DAF2 /* repl.cpp in Sources */,
				6CB18C45148D62F10022DAF2 /* test.cpp in Sources */,
				6CB18C46148D62F10022DAF2 /* tests.cpp in Sources */,
				6CB18C47148D62F10022DAF2 /* tokenizer.cpp in Sources */,
				6CB18C48148D62F10022DAF2 /* types.cpp in Sources */,
				6CB18C49148D62F10022DAF2 /* util.cpp in Sources */,
			);
			runOnlyForDeploymentPostprocessing = 0;
		};
/* End PBXSourcesBuildPhase section */

/* Begin XCBuildConfiguration section */
		6CCA66F7148D60B500768B70 /* Debug */ = {
			isa = XCBuildConfiguration;
			buildSettings = {
				ALWAYS_SEARCH_USER_PATHS = NO;
				ARCHS = "$(ARCHS_STANDARD_64_BIT)";
				COPY_PHASE_STRIP = NO;
				GCC_C_LANGUAGE_STANDARD = gnu99;
				GCC_DYNAMIC_NO_PIC = NO;
				GCC_ENABLE_OBJC_EXCEPTIONS = YES;
				GCC_OPTIMIZATION_LEVEL = 0;
				GCC_PREPROCESSOR_DEFINITIONS = (
					"DEBUG=1",
					"$(inherited)",
				);
				GCC_SYMBOLS_PRIVATE_EXTERN = NO;
				GCC_VERSION = com.apple.compilers.llvm.clang.1_0;
				GCC_WARN_64_TO_32_BIT_CONVERSION = YES;
				GCC_WARN_ABOUT_MISSING_PROTOTYPES = YES;
				GCC_WARN_ABOUT_RETURN_TYPE = YES;
				GCC_WARN_UNUSED_VARIABLE = YES;
				MACOSX_DEPLOYMENT_TARGET = 10.7;
				ONLY_ACTIVE_ARCH = YES;
				SDKROOT = macosx;
			};
			name = Debug;
		};
		6CCA66F8148D60B500768B70 /* Release */ = {
			isa = XCBuildConfiguration;
			buildSettings = {
				ALWAYS_SEARCH_USER_PATHS = NO;
				ARCHS = "$(ARCHS_STANDARD_64_BIT)";
				COPY_PHASE_STRIP = YES;
				DEBUG_INFORMATION_FORMAT = "dwarf-with-dsym";
				GCC_C_LANGUAGE_STANDARD = gnu99;
				GCC_ENABLE_OBJC_EXCEPTIONS = YES;
				GCC_VERSION = com.apple.compilers.llvm.clang.1_0;
				GCC_WARN_64_TO_32_BIT_CONVERSION = YES;
				GCC_WARN_ABOUT_MISSING_PROTOTYPES = YES;
				GCC_WARN_ABOUT_RETURN_TYPE = YES;
				GCC_WARN_UNUSED_VARIABLE = YES;
				MACOSX_DEPLOYMENT_TARGET = 10.7;
				SDKROOT = macosx;
			};
			name = Release;
		};
		6CCA66FA148D60B500768B70 /* Debug */ = {
			isa = XCBuildConfiguration;
			buildSettings = {
				GCC_WARN_ABOUT_MISSING_PROTOTYPES = NO;
				HEADER_SEARCH_PATHS = ../include;
				PRODUCT_NAME = "$(TARGET_NAME)";
			};
			name = Debug;
		};
		6CCA66FB148D60B500768B70 /* Release */ = {
			isa = XCBuildConfiguration;
			buildSettings = {
				GCC_WARN_ABOUT_MISSING_PROTOTYPES = NO;
				HEADER_SEARCH_PATHS = ../include;
				PRODUCT_NAME = "$(TARGET_NAME)";
			};
			name = Release;
		};
/* End XCBuildConfiguration section */

/* Begin XCConfigurationList section */
		6CCA66E9148D60B500768B70 /* Build configuration list for PBXProject "mickey" */ = {
			isa = XCConfigurationList;
			buildConfigurations = (
				6CCA66F7148D60B500768B70 /* Debug */,
				6CCA66F8148D60B500768B70 /* Release */,
			);
			defaultConfigurationIsVisible = 0;
			defaultConfigurationName = Release;
		};
		6CCA66F9148D60B500768B70 /* Build configuration list for PBXNativeTarget "mickey" */ = {
			isa = XCConfigurationList;
			buildConfigurations = (
				6CCA66FA148D60B500768B70 /* Debug */,
				6CCA66FB148D60B500768B70 /* Release */,
			);
			defaultConfigurationIsVisible = 0;
			defaultConfigurationName = Release;
		};
/* End XCConfigurationList section */
	};
	rootObject = 6CCA66E6148D60B500768B70 /* Project object */;
}
